
Microsoft Visual Studio Solution File, Format Version 12.00
# Visual Studio Version 17
VisualStudioVersion = 17.8.34408.163
MinimumVisualStudioVersion = 10.0.40219.1
Project("{2150E333-8FDC-42A3-9474-1A3956D46DE8}") = "UI", "UI", "{661BE349-15A3-425D-A987-36680CC4C31D}"
EndProject
Project("{2150E333-8FDC-42A3-9474-1A3956D46DE8}") = "SRC", "SRC", "{0B04F6C5-8301-4101-8814-1C5F95B525CA}"
EndProject
Project("{2150E333-8FDC-42A3-9474-1A3956D46DE8}") = "Infrastructure", "Infrastructure", "{C31F6403-FDAC-4B41-BEC1-27EAA26AC709}"
EndProject
Project("{2150E333-8FDC-42A3-9474-1A3956D46DE8}") = "Core", "Core", "{274AE02A-F0D1-4851-BF86-3C6856974F74}"
EndProject
Project("{2150E333-8FDC-42A3-9474-1A3956D46DE8}") = "API", "API", "{965A6A9F-109B-44BE-B5EE-562F463D38A6}"
EndProject
Project("{2150E333-8FDC-42A3-9474-1A3956D46DE8}") = "Test", "Test", "{8CFFF841-DF9C-438A-9144-EB052BD1DD89}"
EndProject
Project("{9A19103F-16F7-4668-BE54-9A1E7A4F7556}") = "Black_Swan_Domain", "Black_Swan_Domain\Black_Swan_Domain.csproj", "{2D98BBA8-6EFF-4483-AA34-0197EF545974}"
EndProject
Project("{9A19103F-16F7-4668-BE54-9A1E7A4F7556}") = "Black_Swan_Application", "Black_Swan_Application\Black_Swan_Application.csproj", "{81A18CCE-64FE-4C0F-95FF-E227F5EA1E80}"
EndProject
Project("{9A19103F-16F7-4668-BE54-9A1E7A4F7556}") = "Black_swan.Infrastructure", "Black_swan.Infrastructure\Black_swan.Infrastructure.csproj", "{66B33D2F-381D-4148-BA86-869DFFD2581B}"
EndProject
Project("{9A19103F-16F7-4668-BE54-9A1E7A4F7556}") = "Black_Swan.Persistence", "Black_Swan.Persistence\Black_Swan.Persistence.csproj", "{576076CD-95DC-402C-86CF-5A12C9A61EEE}"
EndProject
Project("{9A19103F-16F7-4668-BE54-9A1E7A4F7556}") = "Black_Swan.API", "Black_Swan.API\Black_Swan.API.csproj", "{AFB5C05E-9716-4C14-BC3E-03B580998BF1}"
EndProject
Project("{9A19103F-16F7-4668-BE54-9A1E7A4F7556}") = "Black_Swan.MVC", "Black_Swan.MVC\Black_Swan.MVC.csproj", "{8415A39B-F372-4DB5-8505-3066D028CE09}"
	ProjectSection(ProjectDependencies) = postProject
		{4F89798D-DC76-4787-8D1A-0CFDDE354AD9} = {4F89798D-DC76-4787-8D1A-0CFDDE354AD9}
	EndProjectSection
EndProject
Project("{9A19103F-16F7-4668-BE54-9A1E7A4F7556}") = "BlackSwan.Identity", "BlackSwan.Identity\BlackSwan.Identity.csproj", "{4F89798D-DC76-4787-8D1A-0CFDDE354AD9}"
EndProject
Global
	GlobalSection(SolutionConfigurationPlatforms) = preSolution
		Debug|Any CPU = Debug|Any CPU
		Release|Any CPU = Release|Any CPU
	EndGlobalSection
	GlobalSection(ProjectConfigurationPlatforms) = postSolution
		{2D98BBA8-6EFF-4483-AA34-0197EF545974}.Debug|Any CPU.ActiveCfg = Debug|Any CPU
		{2D98BBA8-6EFF-4483-AA34-0197EF545974}.Debug|Any CPU.Build.0 = Debug|Any CPU
		{2D98BBA8-6EFF-4483-AA34-0197EF545974}.Release|Any CPU.ActiveCfg = Release|Any CPU
		{2D98BBA8-6EFF-4483-AA34-0197EF545974}.Release|Any CPU.Build.0 = Release|Any CPU
		{81A18CCE-64FE-4C0F-95FF-E227F5EA1E80}.Debug|Any CPU.ActiveCfg = Debug|Any CPU
		{81A18CCE-64FE-4C0F-95FF-E227F5EA1E80}.Debug|Any CPU.Build.0 = Debug|Any CPU
		{81A18CCE-64FE-4C0F-95FF-E227F5EA1E80}.Release|Any CPU.ActiveCfg = Release|Any CPU
		{81A18CCE-64FE-4C0F-95FF-E227F5EA1E80}.Release|Any CPU.Build.0 = Release|Any CPU
		{66B33D2F-381D-4148-BA86-869DFFD2581B}.Debug|Any CPU.ActiveCfg = Debug|Any CPU
		{66B33D2F-381D-4148-BA86-869DFFD2581B}.Debug|Any CPU.Build.0 = Debug|Any CPU
		{66B33D2F-381D-4148-BA86-869DFFD2581B}.Release|Any CPU.ActiveCfg = Release|Any CPU
		{66B33D2F-381D-4148-BA86-869DFFD2581B}.Release|Any CPU.Build.0 = Release|Any CPU
		{576076CD-95DC-402C-86CF-5A12C9A61EEE}.Debug|Any CPU.ActiveCfg = Debug|Any CPU
		{576076CD-95DC-402C-86CF-5A12C9A61EEE}.Debug|Any CPU.Build.0 = Debug|Any CPU
		{576076CD-95DC-402C-86CF-5A12C9A61EEE}.Release|Any CPU.ActiveCfg = Release|Any CPU
		{576076CD-95DC-402C-86CF-5A12C9A61EEE}.Release|Any CPU.Build.0 = Release|Any CPU
		{AFB5C05E-9716-4C14-BC3E-03B580998BF1}.Debug|Any CPU.ActiveCfg = Debug|Any CPU
		{AFB5C05E-9716-4C14-BC3E-03B580998BF1}.Debug|Any CPU.Build.0 = Debug|Any CPU
		{AFB5C05E-9716-4C14-BC3E-03B580998BF1}.Release|Any CPU.ActiveCfg = Release|Any CPU
		{AFB5C05E-9716-4C14-BC3E-03B580998BF1}.Release|Any CPU.Build.0 = Release|Any CPU
		{8415A39B-F372-4DB5-8505-3066D028CE09}.Debug|Any CPU.ActiveCfg = Debug|Any CPU
		{8415A39B-F372-4DB5-8505-3066D028CE09}.Debug|Any CPU.Build.0 = Debug|Any CPU
		{8415A39B-F372-4DB5-8505-3066D028CE09}.Release|Any CPU.ActiveCfg = Release|Any CPU
		{8415A39B-F372-4DB5-8505-3066D028CE09}.Release|Any CPU.Build.0 = Release|Any CPU
		{4F89798D-DC76-4787-8D1A-0CFDDE354AD9}.Debug|Any CPU.ActiveCfg = Debug|Any CPU
		{4F89798D-DC76-4787-8D1A-0CFDDE354AD9}.Debug|Any CPU.Build.0 = Debug|Any CPU
		{4F89798D-DC76-4787-8D1A-0CFDDE354AD9}.Release|Any CPU.ActiveCfg = Release|Any CPU
		{4F89798D-DC76-4787-8D1A-0CFDDE354AD9}.Release|Any CPU.Build.0 = Release|Any CPU
	EndGlobalSection
	GlobalSection(SolutionProperties) = preSolution
		HideSolutionNode = FALSE
	EndGlobalSection
	GlobalSection(NestedProjects) = preSolution
		{661BE349-15A3-425D-A987-36680CC4C31D} = {0B04F6C5-8301-4101-8814-1C5F95B525CA}
		{C31F6403-FDAC-4B41-BEC1-27EAA26AC709} = {0B04F6C5-8301-4101-8814-1C5F95B525CA}
		{274AE02A-F0D1-4851-BF86-3C6856974F74} = {0B04F6C5-8301-4101-8814-1C5F95B525CA}
		{965A6A9F-109B-44BE-B5EE-562F463D38A6} = {0B04F6C5-8301-4101-8814-1C5F95B525CA}
		{2D98BBA8-6EFF-4483-AA34-0197EF545974} = {274AE02A-F0D1-4851-BF86-3C6856974F74}
		{81A18CCE-64FE-4C0F-95FF-E227F5EA1E80} = {274AE02A-F0D1-4851-BF86-3C6856974F74}
		{66B33D2F-381D-4148-BA86-869DFFD2581B} = {C31F6403-FDAC-4B41-BEC1-27EAA26AC709}
		{576076CD-95DC-402C-86CF-5A12C9A61EEE} = {C31F6403-FDAC-4B41-BEC1-27EAA26AC709}
		{AFB5C05E-9716-4C14-BC3E-03B580998BF1} = {965A6A9F-109B-44BE-B5EE-562F463D38A6}
		{8415A39B-F372-4DB5-8505-3066D028CE09} = {661BE349-15A3-425D-A987-36680CC4C31D}
		{4F89798D-DC76-4787-8D1A-0CFDDE354AD9} = {C31F6403-FDAC-4B41-BEC1-27EAA26AC709}
	EndGlobalSection
	GlobalSection(ExtensibilityGlobals) = postSolution
		SolutionGuid = {B49AA6F3-4C61-45C3-ACE1-78B33D6CEFBC}
	EndGlobalSection
EndGlobal
